
Microsoft Visual Studio Solution File, Format Version 12.00
# Visual Studio Version 17
VisualStudioVersion = 17.1.32328.378
MinimumVisualStudioVersion = 10.0.40219.1
Project("{2150E333-8FDC-42A3-9474-1A3956D46DE8}") = "src", "src", "{453536B9-69ED-44C8-858B-141639E353D8}"
EndProject
Project("{2150E333-8FDC-42A3-9474-1A3956D46DE8}") = "test", "test", "{9CF535FC-2735-4177-863D-6468D8DF783A}"
EndProject
Project("{9A19103F-16F7-4668-BE54-9A1E7A4F7556}") = "p1eXu5.Wpf.CustomControls", "src\p1eXu5.Wpf.CustomControls\p1eXu5.Wpf.CustomControls.csproj", "{5FFF9648-7CFB-4EB5-A4C1-EB8CA8D84423}"
EndProject
Project("{9A19103F-16F7-4668-BE54-9A1E7A4F7556}") = "p1eXu5.Wpf.Mvvm", "src\p1eXu5.Wpf.Mvvm\p1eXu5.Wpf.Mvvm.csproj", "{51F3D269-794E-4FFB-98A5-62381D4F1B50}"
EndProject
Project("{9A19103F-16F7-4668-BE54-9A1E7A4F7556}") = "p1eXu5.Wpf.Mvvm.Tests", "test\p1eXu5.Wpf.Mvvm.Tests\p1eXu5.Wpf.Mvvm.Tests.csproj", "{A93305E1-1569-44DA-8AF9-940900E4F7FE}"
EndProject
Project("{9A19103F-16F7-4668-BE54-9A1E7A4F7556}") = "p1eXu5.Wpf.CustomControls.Tests", "test\p1eXu5.Wpf.CustomControls.Tests\p1eXu5.Wpf.CustomControls.Tests.csproj", "{872D89FE-A374-4AB5-A50D-5BAC26163FE1}"
EndProject
Global
	GlobalSection(SolutionConfigurationPlatforms) = preSolution
		Debug|Any CPU = Debug|Any CPU
		Release|Any CPU = Release|Any CPU
	EndGlobalSection
	GlobalSection(ProjectConfigurationPlatforms) = postSolution
		{5FFF9648-7CFB-4EB5-A4C1-EB8CA8D84423}.Debug|Any CPU.ActiveCfg = Debug|Any CPU
		{5FFF9648-7CFB-4EB5-A4C1-EB8CA8D84423}.Debug|Any CPU.Build.0 = Debug|Any CPU
		{5FFF9648-7CFB-4EB5-A4C1-EB8CA8D84423}.Release|Any CPU.ActiveCfg = Release|Any CPU
		{5FFF9648-7CFB-4EB5-A4C1-EB8CA8D84423}.Release|Any CPU.Build.0 = Release|Any CPU
		{51F3D269-794E-4FFB-98A5-62381D4F1B50}.Debug|Any CPU.ActiveCfg = Debug|Any CPU
		{51F3D269-794E-4FFB-98A5-62381D4F1B50}.Debug|Any CPU.Build.0 = Debug|Any CPU
		{51F3D269-794E-4FFB-98A5-62381D4F1B50}.Release|Any CPU.ActiveCfg = Release|Any CPU
		{51F3D269-794E-4FFB-98A5-62381D4F1B50}.Release|Any CPU.Build.0 = Release|Any CPU
		{A93305E1-1569-44DA-8AF9-940900E4F7FE}.Debug|Any CPU.ActiveCfg = Debug|Any CPU
		{A93305E1-1569-44DA-8AF9-940900E4F7FE}.Debug|Any CPU.Build.0 = Debug|Any CPU
		{A93305E1-1569-44DA-8AF9-940900E4F7FE}.Release|Any CPU.ActiveCfg = Release|Any CPU
		{A93305E1-1569-44DA-8AF9-940900E4F7FE}.Release|Any CPU.Build.0 = Release|Any CPU
		{872D89FE-A374-4AB5-A50D-5BAC26163FE1}.Debug|Any CPU.ActiveCfg = Debug|Any CPU
		{872D89FE-A374-4AB5-A50D-5BAC26163FE1}.Debug|Any CPU.Build.0 = Debug|Any CPU
		{872D89FE-A374-4AB5-A50D-5BAC26163FE1}.Release|Any CPU.ActiveCfg = Release|Any CPU
		{872D89FE-A374-4AB5-A50D-5BAC26163FE1}.Release|Any CPU.Build.0 = Release|Any CPU
	EndGlobalSection
	GlobalSection(SolutionProperties) = preSolution
		HideSolutionNode = FALSE
	EndGlobalSection
	GlobalSection(NestedProjects) = preSolution
		{5FFF9648-7CFB-4EB5-A4C1-EB8CA8D84423} = {453536B9-69ED-44C8-858B-141639E353D8}
		{51F3D269-794E-4FFB-98A5-62381D4F1B50} = {453536B9-69ED-44C8-858B-141639E353D8}
		{A93305E1-1569-44DA-8AF9-940900E4F7FE} = {9CF535FC-2735-4177-863D-6468D8DF783A}
		{872D89FE-A374-4AB5-A50D-5BAC26163FE1} = {9CF535FC-2735-4177-863D-6468D8DF783A}
	EndGlobalSection
	GlobalSection(ExtensibilityGlobals) = postSolution
		SolutionGuid = {4347A117-20D7-4BE4-9E87-6AE736ADAD2E}
	EndGlobalSection
EndGlobal
